
Microsoft Visual Studio Solution File, Format Version 12.00
# Visual Studio Version 17
VisualStudioVersion = 17.5.33516.290
MinimumVisualStudioVersion = 10.0.40219.1
Project("{FAE04EC0-301F-11D3-BF4B-00C04F79EFBC}") = "notes", "notes\notes.csproj", "{D43ED230-6BE0-4A42-8488-2A8DD5942524}"
EndProject
Global
	GlobalSection(SolutionConfigurationPlatforms) = preSolution
		Debug|Any CPU = Debug|Any CPU
		Release|Any CPU = Release|Any CPU
	EndGlobalSection
	GlobalSection(ProjectConfigurationPlatforms) = postSolution
		{D43ED230-6BE0-4A42-8488-2A8DD5942524}.Debug|Any CPU.ActiveCfg = Debug|Any CPU
		{D43ED230-6BE0-4A42-8488-2A8DD5942524}.Debug|Any CPU.Build.0 = Debug|Any CPU
		{D43ED230-6BE0-4A42-8488-2A8DD5942524}.Release|Any CPU.ActiveCfg = Release|Any CPU
		{D43ED230-6BE0-4A42-8488-2A8DD5942524}.Release|Any CPU.Build.0 = Release|Any CPU
	EndGlobalSection
	GlobalSection(SolutionProperties) = preSolution
		HideSolutionNode = FALSE
	EndGlobalSection
	GlobalSection(ExtensibilityGlobals) = postSolution
		SolutionGuid = {11917575-7444-473E-BF7A-3E702763DAE5}
	EndGlobalSection
EndGlobal
